
Microsoft Visual Studio Solution File, Format Version 12.00
# Visual Studio Version 17
VisualStudioVersion = 17.14.36511.14
MinimumVisualStudioVersion = 10.0.40219.1
Project("{FAE04EC0-301F-11D3-BF4B-00C04F79EFBC}") = "CentroDeportivo", "Actividad_2_MVVM_mauro\CentroDeportivo.csproj", "{48CFB917-D8BC-4352-8AD3-CFE24B294DC9}"
EndProject
Project("{FAE04EC0-301F-11D3-BF4B-00C04F79EFBC}") = "Testing", "Testing\Testing.csproj", "{843DAE84-EB25-4E8A-9379-0F78FE9295F9}"
EndProject
Global
	GlobalSection(SolutionConfigurationPlatforms) = preSolution
		Debug|Any CPU = Debug|Any CPU
		Release|Any CPU = Release|Any CPU
	EndGlobalSection
	GlobalSection(ProjectConfigurationPlatforms) = postSolution
		{48CFB917-D8BC-4352-8AD3-CFE24B294DC9}.Debug|Any CPU.ActiveCfg = Debug|Any CPU
		{48CFB917-D8BC-4352-8AD3-CFE24B294DC9}.Debug|Any CPU.Build.0 = Debug|Any CPU
		{48CFB917-D8BC-4352-8AD3-CFE24B294DC9}.Release|Any CPU.ActiveCfg = Release|Any CPU
		{48CFB917-D8BC-4352-8AD3-CFE24B294DC9}.Release|Any CPU.Build.0 = Release|Any CPU
		{843DAE84-EB25-4E8A-9379-0F78FE9295F9}.Debug|Any CPU.ActiveCfg = Debug|Any CPU
		{843DAE84-EB25-4E8A-9379-0F78FE9295F9}.Debug|Any CPU.Build.0 = Debug|Any CPU
		{843DAE84-EB25-4E8A-9379-0F78FE9295F9}.Release|Any CPU.ActiveCfg = Release|Any CPU
		{843DAE84-EB25-4E8A-9379-0F78FE9295F9}.Release|Any CPU.Build.0 = Release|Any CPU
	EndGlobalSection
	GlobalSection(SolutionProperties) = preSolution
		HideSolutionNode = FALSE
	EndGlobalSection
	GlobalSection(ExtensibilityGlobals) = postSolution
		SolutionGuid = {EDA84A02-A3B5-46C2-B61C-A812800B77B4}
	EndGlobalSection
EndGlobal
